{
  "name": "js",
  "lockfileVersion": 2,
  "requires": true,
  "packages": {
    "": {
      "dependencies": {
        "gridstack": "^5.0.0"
      }
    },
    "node_modules/gridstack": {
      "version": "5.0.0",
      "resolved": "https://registry.npmjs.org/gridstack/-/gridstack-5.0.0.tgz",
      "integrity": "sha512-FpXQ2gWUCcBW7QON7GEqP7NZFWZPpuGfze4dzRMQ1ikaRZ7Y2qfc9Gbc04Qukjst2AuPQcuW/mEJkh+2XnnCsA==",
      "funding": [
        {
          "type": "paypal",
          "url": "https://www.paypal.me/alaind831"
        },
        {
          "type": "venmo",
          "url": "https://www.venmo.com/adumesny"
        }
      ]
    }
  },
  "dependencies": {
    "gridstack": {
      "version": "5.0.0",
      "resolved": "https://registry.npmjs.org/gridstack/-/gridstack-5.0.0.tgz",
      "integrity": "sha512-FpXQ2gWUCcBW7QON7GEqP7NZFWZPpuGfze4dzRMQ1ikaRZ7Y2qfc9Gbc04Qukjst2AuPQcuW/mEJkh+2XnnCsA=="
    }
  }
}
